
Microsoft Visual Studio Solution File, Format Version 12.00
# Visual Studio Version 17
VisualStudioVersion = 17.2.32602.215
MinimumVisualStudioVersion = 10.0.40219.1
Project("{FAE04EC0-301F-11D3-BF4B-00C04F79EFBC}") = "thithuchanh", "thithuchanh\thithuchanh.csproj", "{2EDFD6EB-6CBF-4364-8ACA-C988F7032BBF}"
EndProject
Global
	GlobalSection(SolutionConfigurationPlatforms) = preSolution
		Debug|Any CPU = Debug|Any CPU
		Release|Any CPU = Release|Any CPU
	EndGlobalSection
	GlobalSection(ProjectConfigurationPlatforms) = postSolution
		{2EDFD6EB-6CBF-4364-8ACA-C988F7032BBF}.Debug|Any CPU.ActiveCfg = Debug|Any CPU
		{2EDFD6EB-6CBF-4364-8ACA-C988F7032BBF}.Debug|Any CPU.Build.0 = Debug|Any CPU
		{2EDFD6EB-6CBF-4364-8ACA-C988F7032BBF}.Release|Any CPU.ActiveCfg = Release|Any CPU
		{2EDFD6EB-6CBF-4364-8ACA-C988F7032BBF}.Release|Any CPU.Build.0 = Release|Any CPU
	EndGlobalSection
	GlobalSection(SolutionProperties) = preSolution
		HideSolutionNode = FALSE
	EndGlobalSection
	GlobalSection(ExtensibilityGlobals) = postSolution
		SolutionGuid = {707D82A6-8A08-4B52-A2E7-39C688F2717F}
	EndGlobalSection
EndGlobal
